# verasic-skills release manifest — must match skills/<name>/VERSION (enforced by scripts/check-versions.sh)
# entry order must match skills/verasic-init/manifest.txt
verasic-github-cli-init=0.2.0
verasic-github-governance=0.2.0
verasic-github-governance-init=0.2.0
verasic-git-commits-convention=0.2.0
verasic-git-commits-audit=0.2.0
verasic-agent-disclosure=0.2.0
verasic-bugbot=0.2.0
verasic-secbot=0.2.0
verasic-fusion=0.2.0
verasic-deep-research=0.2.0
verasic-init=0.2.2
